{
  "requires": true,
  "lockfileVersion": 1,
  "dependencies": {
    "lazysizes": {
      "version": "4.0.2",
      "resolved": "https://registry.npmjs.org/lazysizes/-/lazysizes-4.0.2.tgz",
      "integrity": "sha512-92u9rbDVHn5iARg8xsYbXgZJLSiOVlJ9fjrC81shQsz8NmHRSlRyP6W+ztTMVEwtAdTa2knHyjw06lYOT6BMdA=="
    }
  }
}
